
Microsoft Visual Studio Solution File, Format Version 12.00
# Visual Studio 14
VisualStudioVersion = 14.0.24720.0
MinimumVisualStudioVersion = 10.0.40219.1
Project("{FAE04EC0-301F-11D3-BF4B-00C04F79EFBC}") = "WebApiDavExtension", "WebApiDavExtension\WebApiDavExtension.csproj", "{3B7070D7-A9AD-4AD8-A268-9A3BA7FBADE5}"
EndProject
Project("{FAE04EC0-301F-11D3-BF4B-00C04F79EFBC}") = "WebApiDavExtension.example", "WebApiDavExtension.example\WebApiDavExtension.example.csproj", "{74F0FDC0-5EF4-4117-B44F-A9FF16395855}"
EndProject
Global
	GlobalSection(SolutionConfigurationPlatforms) = preSolution
		Debug|Any CPU = Debug|Any CPU
		Release|Any CPU = Release|Any CPU
	EndGlobalSection
	GlobalSection(ProjectConfigurationPlatforms) = postSolution
		{3B7070D7-A9AD-4AD8-A268-9A3BA7FBADE5}.Debug|Any CPU.ActiveCfg = Debug|Any CPU
		{3B7070D7-A9AD-4AD8-A268-9A3BA7FBADE5}.Debug|Any CPU.Build.0 = Debug|Any CPU
		{3B7070D7-A9AD-4AD8-A268-9A3BA7FBADE5}.Release|Any CPU.ActiveCfg = Release|Any CPU
		{3B7070D7-A9AD-4AD8-A268-9A3BA7FBADE5}.Release|Any CPU.Build.0 = Release|Any CPU
		{74F0FDC0-5EF4-4117-B44F-A9FF16395855}.Debug|Any CPU.ActiveCfg = Debug|Any CPU
		{74F0FDC0-5EF4-4117-B44F-A9FF16395855}.Debug|Any CPU.Build.0 = Debug|Any CPU
		{74F0FDC0-5EF4-4117-B44F-A9FF16395855}.Release|Any CPU.ActiveCfg = Release|Any CPU
		{74F0FDC0-5EF4-4117-B44F-A9FF16395855}.Release|Any CPU.Build.0 = Release|Any CPU
	EndGlobalSection
	GlobalSection(SolutionProperties) = preSolution
		HideSolutionNode = FALSE
	EndGlobalSection
EndGlobal
